
Microsoft Visual Studio Solution File, Format Version 12.00
# Visual Studio Version 17
VisualStudioVersion = 17.6.33829.357
MinimumVisualStudioVersion = 10.0.40219.1
Project("{FAE04EC0-301F-11D3-BF4B-00C04F79EFBC}") = "WebsitePhimHoatHinh18", "WebsitePhimHoatHinh18\WebsitePhimHoatHinh18.csproj", "{200ED927-C331-4D71-A9C5-419379094C41}"
EndProject
Global
	GlobalSection(SolutionConfigurationPlatforms) = preSolution
		Debug|Any CPU = Debug|Any CPU
		Release|Any CPU = Release|Any CPU
	EndGlobalSection
	GlobalSection(ProjectConfigurationPlatforms) = postSolution
		{200ED927-C331-4D71-A9C5-419379094C41}.Debug|Any CPU.ActiveCfg = Debug|Any CPU
		{200ED927-C331-4D71-A9C5-419379094C41}.Debug|Any CPU.Build.0 = Debug|Any CPU
		{200ED927-C331-4D71-A9C5-419379094C41}.Release|Any CPU.ActiveCfg = Release|Any CPU
		{200ED927-C331-4D71-A9C5-419379094C41}.Release|Any CPU.Build.0 = Release|Any CPU
	EndGlobalSection
	GlobalSection(SolutionProperties) = preSolution
		HideSolutionNode = FALSE
	EndGlobalSection
	GlobalSection(ExtensibilityGlobals) = postSolution
		SolutionGuid = {93571B3A-2A12-4B46-B3C9-441F820A41D0}
	EndGlobalSection
EndGlobal
